{
  "name": "agu-agent-console",
  "version": "0.1.0",
  "lockfileVersion": 3,
  "requires": true,
  "packages": {
    "": {
      "name": "agu-agent-console",
      "version": "0.1.0",
      "dependencies": {
        "@vitejs/plugin-react": "4.2.1",
        "lucide-react": "0.468.0",
        "react": "18.2.0",
        "react-dom": "18.2.0",
        "vite": "4.5.3"
      },
      "devDependencies": {}
    },
    "node_modules/@babel/code-frame": {
      "version": "7.29.7",
      "resolved": "http://r.npm.sankuai.com/@babel/code-frame/download/@babel/code-frame-7.29.7.tgz",
      "integrity": "sha1-8vu/6ofESiFZDsUVt3iywm2IZuc=",
      "license": "MIT",
      "dependencies": {
        "@babel/helper-validator-identifier": "^7.29.7",
        "js-tokens": "^4.0.0",
        "picocolors": "^1.1.1"
      },
      "engines": {
        "node": ">=6.9.0"
      }
    },
    "node_modules/@babel/compat-data": {
      "version": "7.29.7",
      "resolved": "http://r.npm.sankuai.com/@babel/compat-data/download/@babel/compat-data-7.29.7.tgz",
      "integrity": "sha1-bwI38PNtLlHAVwpjb67Z0tDv5ik=",
      "license": "MIT",
      "engines": {
        "node": ">=6.9.0"
      }
    },
    "node_modules/@babel/core": {
      "version": "7.29.7",
      "resolved": "http://r.npm.sankuai.com/@babel/core/download/@babel/core-7.29.7.tgz",
      "integrity": "sha1-gMELFySAgpaLV6hXuRZAlx8gcPc=",
      "license": "MIT",
      "dependencies": {
        "@babel/code-frame": "^7.29.7",
        "@babel/generator": "^7.29.7",
        "@babel/helper-compilation-targets": "^7.29.7",
        "@babel/helper-module-transforms": "^7.29.7",
        "@babel/helpers": "^7.29.7",
        "@babel/parser": "^7.29.7",
        "@babel/template": "^7.29.7",
        "@babel/traverse": "^7.29.7",
        "@babel/types": "^7.29.7",
        "@jridgewell/remapping": "^2.3.5",
        "convert-source-map": "^2.0.0",
        "debug": "^4.1.0",
        "gensync": "^1.0.0-beta.2",
        "json5": "^2.2.3",
        "semver": "^6.3.1"
      },
      "engines": {
        "node": ">=6.9.0"
      },
      "funding": {
        "type": "opencollective",
        "url": "https://opencollective.com/babel"
      }
    },
    "node_modules/@babel/generator": {
      "version": "7.29.7",
      "resolved": "http://r.npm.sankuai.com/@babel/generator/download/@babel/generator-7.29.7.tgz",
      "integrity": "sha1-zKC4gn5rzzuhdniOfzsYCtbbL6M=",
      "license": "MIT",
      "dependencies": {
        "@babel/parser": "^7.29.7",
        "@babel/types": "^7.29.7",
        "@jridgewell/gen-mapping": "^0.3.12",
        "@jridgewell/trace-mapping": "^0.3.28",
        "jsesc": "^3.0.2"
      },
      "engines": {
        "node": ">=6.9.0"
      }
    },
    "node_modules/@babel/helper-compilation-targets": {
      "version": "7.29.7",
      "resolved": "http://r.npm.sankuai.com/@babel/helper-compilation-targets/download/@babel/helper-compilation-targets-7.29.7.tgz",
      "integrity": "sha1-eh3vcEMCQBxH9k+oVYnpdK4hcEI=",
      "license": "MIT",
      "dependencies": {
        "@babel/compat-data": "^7.29.7",
        "@babel/helper-validator-option": "^7.29.7",
        "browserslist": "^4.24.0",
        "lru-cache": "^5.1.1",
        "semver": "^6.3.1"
      },
      "engines": {
        "node": ">=6.9.0"
      }
    },
    "node_modules/@babel/helper-globals": {
      "version": "7.29.7",
      "resolved": "http://r.npm.sankuai.com/@babel/helper-globals/download/@babel/helper-globals-7.29.7.tgz",
      "integrity": "sha1-8EqW+9hHMkGxB5JD9bPwOjAQq3s=",
      "license": "MIT",
      "engines": {
        "node": ">=6.9.0"
      }
    },
    "node_modules/@babel/helper-module-imports": {
      "version": "7.29.7",
      "resolved": "http://r.npm.sankuai.com/@babel/helper-module-imports/download/@babel/helper-module-imports-7.29.7.tgz",
      "integrity": "sha1-7yUEilGOgo1zk/rFiC3dc5Idc5Y=",
      "license": "MIT",
      "dependencies": {
        "@babel/traverse": "^7.29.7",
        "@babel/types": "^7.29.7"
      },
      "engines": {
        "node": ">=6.9.0"
      }
    },
    "node_modules/@babel/helper-module-transforms": {
      "version": "7.29.7",
      "resolved": "http://r.npm.sankuai.com/@babel/helper-module-transforms/download/@babel/helper-module-transforms-7.29.7.tgz",
      "integrity": "sha1-sGJ0elmXuhOGNyATKLv/d5YFdK4=",
      "license": "MIT",
      "dependencies": {
        "@babel/helper-module-imports": "^7.29.7",
        "@babel/helper-validator-identifier": "^7.29.7",
        "@babel/traverse": "^7.29.7"
      },
      "engines": {
        "node": ">=6.9.0"
      },
      "peerDependencies": {
        "@babel/core": "^7.0.0"
      }
    },
    "node_modules/@babel/helper-plugin-utils": {
      "version": "7.29.7",
      "resolved": "http://r.npm.sankuai.com/@babel/helper-plugin-utils/download/@babel/helper-plugin-utils-7.29.7.tgz",
      "integrity": "sha1-wKB2bxoTYX2KF0B9erj51IYiXqQ=",
      "license": "MIT",
      "engines": {
        "node": ">=6.9.0"
      }
    },
    "node_modules/@babel/helper-string-parser": {
      "version": "7.29.7",
      "resolved": "http://r.npm.sankuai.com/@babel/helper-string-parser/download/@babel/helper-string-parser-7.29.7.tgz",
      "integrity": "sha1-fwhx2Zgk0jE31g+G/PYTD9WhtR8=",
      "license": "MIT",
      "engines": {
        "node": ">=6.9.0"
      }
    },
    "node_modules/@babel/helper-validator-identifier": {
      "version": "7.29.7",
      "resolved": "http://r.npm.sankuai.com/@babel/helper-validator-identifier/download/@babel/helper-validator-identifier-7.29.7.tgz",
      "integrity": "sha1-vYcITO0MeW7Ea9pJLeboPSnon8I=",
      "license": "MIT",
      "engines": {
        "node": ">=6.9.0"
      }
    },
    "node_modules/@babel/helper-validator-option": {
      "version": "7.29.7",
      "resolved": "http://r.npm.sankuai.com/@babel/helper-validator-option/download/@babel/helper-validator-option-7.29.7.tgz",
      "integrity": "sha1-zzFb6UAhOzVOtKvMC9Aevj9zvCo=",
      "license": "MIT",
      "engines": {
        "node": ">=6.9.0"
      }
    },
    "node_modules/@babel/helpers": {
      "version": "7.29.7",
      "resolved": "http://r.npm.sankuai.com/@babel/helpers/download/@babel/helpers-7.29.7.tgz",
      "integrity": "sha1-Rav951SJl+NDdsPmn+tHXP+0pgc=",
      "license": "MIT",
      "dependencies": {
        "@babel/template": "^7.29.7",
        "@babel/types": "^7.29.7"
      },
      "engines": {
        "node": ">=6.9.0"
      }
    },
    "node_modules/@babel/parser": {
      "version": "7.29.7",
      "resolved": "http://r.npm.sankuai.com/@babel/parser/download/@babel/parser-7.29.7.tgz",
      "integrity": "sha1-g3uHOHy/XsVTDLY0s8Yi9o7bkzQ=",
      "license": "MIT",
      "dependencies": {
        "@babel/types": "^7.29.7"
      },
      "bin": {
        "parser": "bin/babel-parser.js"
      },
      "engines": {
        "node": ">=6.0.0"
      }
    },
    "node_modules/@babel/plugin-transform-react-jsx-self": {
      "version": "7.29.7",
      "resolved": "http://r.npm.sankuai.com/@babel/plugin-transform-react-jsx-self/download/@babel/plugin-transform-react-jsx-self-7.29.7.tgz",
      "integrity": "sha1-wkQkUnhYIgYk/Vmlseq0+kE8gDo=",
      "license": "MIT",
      "dependencies": {
        "@babel/helper-plugin-utils": "^7.29.7"
      },
      "engines": {
        "node": ">=6.9.0"
      },
      "peerDependencies": {
        "@babel/core": "^7.0.0-0"
      }
    },
    "node_modules/@babel/plugin-transform-react-jsx-source": {
      "version": "7.29.7",
      "resolved": "http://r.npm.sankuai.com/@babel/plugin-transform-react-jsx-source/download/@babel/plugin-transform-react-jsx-source-7.29.7.tgz",
      "integrity": "sha1-XPJaNomQa1ji8KLys3R4nmYnsV8=",
      "license": "MIT",
      "dependencies": {
        "@babel/helper-plugin-utils": "^7.29.7"
      },
      "engines": {
        "node": ">=6.9.0"
      },
      "peerDependencies": {
        "@babel/core": "^7.0.0-0"
      }
    },
    "node_modules/@babel/template": {
      "version": "7.29.7",
      "resolved": "http://r.npm.sankuai.com/@babel/template/download/@babel/template-7.29.7.tgz",
      "integrity": "sha1-TZ1ABPZFzdME3pWMclFieE7KxwA=",
      "license": "MIT",
      "dependencies": {
        "@babel/code-frame": "^7.29.7",
        "@babel/parser": "^7.29.7",
        "@babel/types": "^7.29.7"
      },
      "engines": {
        "node": ">=6.9.0"
      }
    },
    "node_modules/@babel/traverse": {
      "version": "7.29.7",
      "resolved": "http://r.npm.sankuai.com/@babel/traverse/download/@babel/traverse-7.29.7.tgz",
      "integrity": "sha1-xHsHpBuV2gkH0Ca13YlNmN59Ly0=",
      "license": "MIT",
      "dependencies": {
        "@babel/code-frame": "^7.29.7",
        "@babel/generator": "^7.29.7",
        "@babel/helper-globals": "^7.29.7",
        "@babel/parser": "^7.29.7",
        "@babel/template": "^7.29.7",
        "@babel/types": "^7.29.7",
        "debug": "^4.3.1"
      },
      "engines": {
        "node": ">=6.9.0"
      }
    },
    "node_modules/@babel/types": {
      "version": "7.29.7",
      "resolved": "http://r.npm.sankuai.com/@babel/types/download/@babel/types-7.29.7.tgz",
      "integrity": "sha1-gAXjHYJxLuetrvbiPGO3GmJ3CpI=",
      "license": "MIT",
      "dependencies": {
        "@babel/helper-string-parser": "^7.29.7",
        "@babel/helper-validator-identifier": "^7.29.7"
      },
      "engines": {
        "node": ">=6.9.0"
      }
    },
    "node_modules/@esbuild/android-arm": {
      "version": "0.18.20",
      "resolved": "http://r.npm.sankuai.com/@esbuild/android-arm/download/@esbuild/android-arm-0.18.20.tgz",
      "integrity": "sha1-/tsmW8OlichMwR+BCATyNJR8NoI=",
      "cpu": [
        "arm"
      ],
      "license": "MIT",
      "optional": true,
      "os": [
        "android"
      ],
      "engines": {
        "node": ">=12"
      }
    },
    "node_modules/@esbuild/android-arm64": {
      "version": "0.18.20",
      "resolved": "http://r.npm.sankuai.com/@esbuild/android-arm64/download/@esbuild/android-arm64-0.18.20.tgz",
      "integrity": "sha1-mEtPnI0Dd0Q8wt/O8mbQIkRZNiI=",
      "cpu": [
        "arm64"
      ],
      "license": "MIT",
      "optional": true,
      "os": [
        "android"
      ],
      "engines": {
        "node": ">=12"
      }
    },
    "node_modules/@esbuild/android-x64": {
      "version": "0.18.20",
      "resolved": "http://r.npm.sankuai.com/@esbuild/android-x64/download/@esbuild/android-x64-0.18.20.tgz",
      "integrity": "sha1-Nc9BnEz8i6voiT0pbNmQ6en3VvI=",
      "cpu": [
        "x64"
      ],
      "license": "MIT",
      "optional": true,
      "os": [
        "android"
      ],
      "engines": {
        "node": ">=12"
      }
    },
    "node_modules/@esbuild/darwin-arm64": {
      "version": "0.18.20",
      "resolved": "http://r.npm.sankuai.com/@esbuild/darwin-arm64/download/@esbuild/darwin-arm64-0.18.20.tgz",
      "integrity": "sha1-CBcsvsz5X7w4M5mn85z73a6w18E=",
      "cpu": [
        "arm64"
      ],
      "license": "MIT",
      "optional": true,
      "os": [
        "darwin"
      ],
      "engines": {
        "node": ">=12"
      }
    },
    "node_modules/@esbuild/darwin-x64": {
      "version": "0.18.20",
      "resolved": "http://r.npm.sankuai.com/@esbuild/darwin-x64/download/@esbuild/darwin-x64-0.18.20.tgz",
      "integrity": "sha1-1w1XkNi/R1VWtn0Pi3xb3/BT2F0=",
      "cpu": [
        "x64"
      ],
      "license": "MIT",
      "optional": true,
      "os": [
        "darwin"
      ],
      "engines": {
        "node": ">=12"
      }
    },
    "node_modules/@esbuild/freebsd-arm64": {
      "version": "0.18.20",
      "resolved": "http://r.npm.sankuai.com/@esbuild/freebsd-arm64/download/@esbuild/freebsd-arm64-0.18.20.tgz",
      "integrity": "sha1-mHVc0ScH+T8hDiSU1qS1G5aXf1Q=",
      "cpu": [
        "arm64"
      ],
      "license": "MIT",
      "optional": true,
      "os": [
        "freebsd"
      ],
      "engines": {
        "node": ">=12"
      }
    },
    "node_modules/@esbuild/freebsd-x64": {
      "version": "0.18.20",
      "resolved": "http://r.npm.sankuai.com/@esbuild/freebsd-x64/download/@esbuild/freebsd-x64-0.18.20.tgz",
      "integrity": "sha1-wesr/wORX4fCnOzkwaf6H0I7Bm4=",
      "cpu": [
        "x64"
      ],
      "license": "MIT",
      "optional": true,
      "os": [
        "freebsd"
      ],
      "engines": {
        "node": ">=12"
      }
    },
    "node_modules/@esbuild/linux-arm": {
      "version": "0.18.20",
      "resolved": "http://r.npm.sankuai.com/@esbuild/linux-arm/download/@esbuild/linux-arm-0.18.20.tgz",
      "integrity": "sha1-PmF8YfM1CKJxUO5BdUPIq1rMc7A=",
      "cpu": [
        "arm"
      ],
      "license": "MIT",
      "optional": true,
      "os": [
        "linux"
      ],
      "engines": {
        "node": ">=12"
      }
    },
    "node_modules/@esbuild/linux-arm64": {
      "version": "0.18.20",
      "resolved": "http://r.npm.sankuai.com/@esbuild/linux-arm64/download/@esbuild/linux-arm64-0.18.20.tgz",
      "integrity": "sha1-utQji9j0/CW1oCEoDHcKtfw6AqA=",
      "cpu": [
        "arm64"
      ],
      "license": "MIT",
      "optional": true,
      "os": [
        "linux"
      ],
      "engines": {
        "node": ">=12"
      }
    },
    "node_modules/@esbuild/linux-ia32": {
      "version": "0.18.20",
      "resolved": "http://r.npm.sankuai.com/@esbuild/linux-ia32/download/@esbuild/linux-ia32-0.18.20.tgz",
      "integrity": "sha1-aZORzMupruYBm3+YkuuZIZ8VcKc=",
      "cpu": [
        "ia32"
      ],
      "license": "MIT",
      "optional": true,
      "os": [
        "linux"
      ],
      "engines": {
        "node": ">=12"
      }
    },
    "node_modules/@esbuild/linux-loong64": {
      "version": "0.18.20",
      "resolved": "http://r.npm.sankuai.com/@esbuild/linux-loong64/download/@esbuild/linux-loong64-0.18.20.tgz",
      "integrity": "sha1-5vzLeqwXjdL/uYYEZayJ1/I7l30=",
      "cpu": [
        "loong64"
      ],
      "license": "MIT",
      "optional": true,
      "os": [
        "linux"
      ],
      "engines": {
        "node": ">=12"
      }
    },
    "node_modules/@esbuild/linux-mips64el": {
      "version": "0.18.20",
      "resolved": "http://r.npm.sankuai.com/@esbuild/linux-mips64el/download/@esbuild/linux-mips64el-0.18.20.tgz",
      "integrity": "sha1-7v86k33pwjEN4wYiqVetG9kYMjE=",
      "cpu": [
        "mips64el"
      ],
      "license": "MIT",
      "optional": true,
      "os": [
        "linux"
      ],
      "engines": {
        "node": ">=12"
      }
    },
    "node_modules/@esbuild/linux-ppc64": {
      "version": "0.18.20",
      "resolved": "http://r.npm.sankuai.com/@esbuild/linux-ppc64/download/@esbuild/linux-ppc64-0.18.20.tgz",
      "integrity": "sha1-L3FWveILAVJ5k+aIFDWtebqVmfs=",
      "cpu": [
        "ppc64"
      ],
      "license": "MIT",
      "optional": true,
      "os": [
        "linux"
      ],
      "engines": {
        "node": ">=12"
      }
    },
    "node_modules/@esbuild/linux-riscv64": {
      "version": "0.18.20",
      "resolved": "http://r.npm.sankuai.com/@esbuild/linux-riscv64/download/@esbuild/linux-riscv64-0.18.20.tgz",
      "integrity": "sha1-Zig4nyEBI9i0dDBFr4yqfU3fx6Y=",
      "cpu": [
        "riscv64"
      ],
      "license": "MIT",
      "optional": true,
      "os": [
        "linux"
      ],
      "engines": {
        "node": ">=12"
      }
    },
    "node_modules/@esbuild/linux-s390x": {
      "version": "0.18.20",
      "resolved": "http://r.npm.sankuai.com/@esbuild/linux-s390x/download/@esbuild/linux-s390x-0.18.20.tgz",
      "integrity": "sha1-JV6B+yibEBAmExhYq5n7pj3PAHE=",
      "cpu": [
        "s390x"
      ],
      "license": "MIT",
      "optional": true,
      "os": [
        "linux"
      ],
      "engines": {
        "node": ">=12"
      }
    },
    "node_modules/@esbuild/linux-x64": {
      "version": "0.18.20",
      "resolved": "http://r.npm.sankuai.com/@esbuild/linux-x64/download/@esbuild/linux-x64-0.18.20.tgz",
      "integrity": "sha1-x2kLNBevMYqbb5bfMDGohlF20zg=",
      "cpu": [
        "x64"
      ],
      "license": "MIT",
      "optional": true,
      "os": [
        "linux"
      ],
      "engines": {
        "node": ">=12"
      }
    },
    "node_modules/@esbuild/netbsd-x64": {
      "version": "0.18.20",
      "resolved": "http://r.npm.sankuai.com/@esbuild/netbsd-x64/download/@esbuild/netbsd-x64-0.18.20.tgz",
      "integrity": "sha1-MOjNij3e1jl14t8kOMoQlgHr4NE=",
      "cpu": [
        "x64"
      ],
      "license": "MIT",
      "optional": true,
      "os": [
        "netbsd"
      ],
      "engines": {
        "node": ">=12"
      }
    },
    "node_modules/@esbuild/openbsd-x64": {
      "version": "0.18.20",
      "resolved": "http://r.npm.sankuai.com/@esbuild/openbsd-x64/download/@esbuild/openbsd-x64-0.18.20.tgz",
      "integrity": "sha1-eBKvMbIFBVh0yAguqc+asNpiF64=",
      "cpu": [
        "x64"
      ],
      "license": "MIT",
      "optional": true,
      "os": [
        "openbsd"
      ],
      "engines": {
        "node": ">=12"
      }
    },
    "node_modules/@esbuild/sunos-x64": {
      "version": "0.18.20",
      "resolved": "http://r.npm.sankuai.com/@esbuild/sunos-x64/download/@esbuild/sunos-x64-0.18.20.tgz",
      "integrity": "sha1-1cJ1w7TnPJsOzTjRymLAIPiHq50=",
      "cpu": [
        "x64"
      ],
      "license": "MIT",
      "optional": true,
      "os": [
        "sunos"
      ],
      "engines": {
        "node": ">=12"
      }
    },
    "node_modules/@esbuild/win32-arm64": {
      "version": "0.18.20",
      "resolved": "http://r.npm.sankuai.com/@esbuild/win32-arm64/download/@esbuild/win32-arm64-0.18.20.tgz",
      "integrity": "sha1-c7x/Wp+Kd4BfNX+rl/KQ0OSCCsk=",
      "cpu": [
        "arm64"
      ],
      "license": "MIT",
      "optional": true,
      "os": [
        "win32"
      ],
      "engines": {
        "node": ">=12"
      }
    },
    "node_modules/@esbuild/win32-ia32": {
      "version": "0.18.20",
      "resolved": "http://r.npm.sankuai.com/@esbuild/win32-ia32/download/@esbuild/win32-ia32-0.18.20.tgz",
      "integrity": "sha1-7JPL8O8QhcwS5x4NZh0gVp/0IQI=",
      "cpu": [
        "ia32"
      ],
      "license": "MIT",
      "optional": true,
      "os": [
        "win32"
      ],
      "engines": {
        "node": ">=12"
      }
    },
    "node_modules/@esbuild/win32-x64": {
      "version": "0.18.20",
      "resolved": "http://r.npm.sankuai.com/@esbuild/win32-x64/download/@esbuild/win32-x64-0.18.20.tgz",
      "integrity": "sha1-eGxfQfBDsHr7GvN2g9fDNmiFj20=",
      "cpu": [
        "x64"
      ],
      "license": "MIT",
      "optional": true,
      "os": [
        "win32"
      ],
      "engines": {
        "node": ">=12"
      }
    },
    "node_modules/@jridgewell/gen-mapping": {
      "version": "0.3.13",
      "resolved": "http://r.npm.sankuai.com/@jridgewell/gen-mapping/download/@jridgewell/gen-mapping-0.3.13.tgz",
      "integrity": "sha1-Y0Khn0Q0dRjJPkOxrGnes8Rlah8=",
      "license": "MIT",
      "dependencies": {
        "@jridgewell/sourcemap-codec": "^1.5.0",
        "@jridgewell/trace-mapping": "^0.3.24"
      }
    },
    "node_modules/@jridgewell/remapping": {
      "version": "2.3.5",
      "resolved": "http://r.npm.sankuai.com/@jridgewell/remapping/download/@jridgewell/remapping-2.3.5.tgz",
      "integrity": "sha1-N1xHbRlylHhRuh4Vro8SMEdEWqE=",
      "license": "MIT",
      "dependencies": {
        "@jridgewell/gen-mapping": "^0.3.5",
        "@jridgewell/trace-mapping": "^0.3.24"
      }
    },
    "node_modules/@jridgewell/resolve-uri": {
      "version": "3.1.2",
      "resolved": "http://r.npm.sankuai.com/@jridgewell/resolve-uri/download/@jridgewell/resolve-uri-3.1.2.tgz",
      "integrity": "sha1-eg7mAfYPmaIMfHxf8MgDiMEYm9Y=",
      "license": "MIT",
      "engines": {
        "node": ">=6.0.0"
      }
    },
    "node_modules/@jridgewell/sourcemap-codec": {
      "version": "1.5.5",
      "resolved": "http://r.npm.sankuai.com/@jridgewell/sourcemap-codec/download/@jridgewell/sourcemap-codec-1.5.5.tgz",
      "integrity": "sha1-aRKwDSxjHA0Vzhp6tXzWV/Ko+Lo=",
      "license": "MIT"
    },
    "node_modules/@jridgewell/trace-mapping": {
      "version": "0.3.31",
      "resolved": "http://r.npm.sankuai.com/@jridgewell/trace-mapping/download/@jridgewell/trace-mapping-0.3.31.tgz",
      "integrity": "sha1-2xXWeByTHzolGj2sOVAcmKYIL9A=",
      "license": "MIT",
      "dependencies": {
        "@jridgewell/resolve-uri": "^3.1.0",
        "@jridgewell/sourcemap-codec": "^1.4.14"
      }
    },
    "node_modules/@types/babel__core": {
      "version": "7.20.5",
      "resolved": "http://r.npm.sankuai.com/@types/babel__core/download/@types/babel__core-7.20.5.tgz",
      "integrity": "sha1-PfFfJ7qFMZyqB7oI0HIYibs5wBc=",
      "license": "MIT",
      "dependencies": {
        "@babel/parser": "^7.20.7",
        "@babel/types": "^7.20.7",
        "@types/babel__generator": "*",
        "@types/babel__template": "*",
        "@types/babel__traverse": "*"
      }
    },
    "node_modules/@types/babel__generator": {
      "version": "7.27.0",
      "resolved": "http://r.npm.sankuai.com/@types/babel__generator/download/@types/babel__generator-7.27.0.tgz",
      "integrity": "sha1-tYGSlMUReZV6+uw0FEL5NB5BCKk=",
      "license": "MIT",
      "dependencies": {
        "@babel/types": "^7.0.0"
      }
    },
    "node_modules/@types/babel__template": {
      "version": "7.4.4",
      "resolved": "http://r.npm.sankuai.com/@types/babel__template/download/@types/babel__template-7.4.4.tgz",
      "integrity": "sha1-VnJRNwHBshmbxtrWNqnXSRWGdm8=",
      "license": "MIT",
      "dependencies": {
        "@babel/parser": "^7.1.0",
        "@babel/types": "^7.0.0"
      }
    },
    "node_modules/@types/babel__traverse": {
      "version": "7.28.0",
      "resolved": "http://r.npm.sankuai.com/@types/babel__traverse/download/@types/babel__traverse-7.28.0.tgz",
      "integrity": "sha1-B9cT1szg0mXJhJ2wy+YtP2Hzb3Q=",
      "license": "MIT",
      "dependencies": {
        "@babel/types": "^7.28.2"
      }
    },
    "node_modules/@vitejs/plugin-react": {
      "version": "4.2.1",
      "resolved": "http://r.npm.sankuai.com/@vitejs/plugin-react/download/@vitejs/plugin-react-4.2.1.tgz",
      "integrity": "sha1-dE2OT8sSD8PbqkcdrdNIP1owS7k=",
      "license": "MIT",
      "dependencies": {
        "@babel/core": "^7.23.5",
        "@babel/plugin-transform-react-jsx-self": "^7.23.3",
        "@babel/plugin-transform-react-jsx-source": "^7.23.3",
        "@types/babel__core": "^7.20.5",
        "react-refresh": "^0.14.0"
      },
      "engines": {
        "node": "^14.18.0 || >=16.0.0"
      },
      "peerDependencies": {
        "vite": "^4.2.0 || ^5.0.0"
      }
    },
    "node_modules/baseline-browser-mapping": {
      "version": "2.10.34",
      "resolved": "http://r.npm.sankuai.com/baseline-browser-mapping/download/baseline-browser-mapping-2.10.34.tgz",
      "integrity": "sha1-3ttgY2JEZ3fP4yjTDU7hUFbQYwM=",
      "license": "Apache-2.0",
      "bin": {
        "baseline-browser-mapping": "dist/cli.cjs"
      },
      "engines": {
        "node": ">=6.0.0"
      }
    },
    "node_modules/browserslist": {
      "version": "4.28.2",
      "resolved": "http://r.npm.sankuai.com/browserslist/download/browserslist-4.28.2.tgz",
      "integrity": "sha1-9QtlNi70iXTKn1CzaAVm14a4EdI=",
      "funding": [
        {
          "type": "opencollective",
          "url": "https://opencollective.com/browserslist"
        },
        {
          "type": "tidelift",
          "url": "https://tidelift.com/funding/github/npm/browserslist"
        },
        {
          "type": "github",
          "url": "https://github.com/sponsors/ai"
        }
      ],
      "license": "MIT",
      "dependencies": {
        "baseline-browser-mapping": "^2.10.12",
        "caniuse-lite": "^1.0.30001782",
        "electron-to-chromium": "^1.5.328",
        "node-releases": "^2.0.36",
        "update-browserslist-db": "^1.2.3"
      },
      "bin": {
        "browserslist": "cli.js"
      },
      "engines": {
        "node": "^6 || ^7 || ^8 || ^9 || ^10 || ^11 || ^12 || >=13.7"
      }
    },
    "node_modules/caniuse-lite": {
      "version": "1.0.30001797",
      "resolved": "http://r.npm.sankuai.com/caniuse-lite/download/caniuse-lite-1.0.30001797.tgz",
      "integrity": "sha1-EzJwnhQ58B/5IIXdFwAeCkWJfsA=",
      "funding": [
        {
          "type": "opencollective",
          "url": "https://opencollective.com/browserslist"
        },
        {
          "type": "tidelift",
          "url": "https://tidelift.com/funding/github/npm/caniuse-lite"
        },
        {
          "type": "github",
          "url": "https://github.com/sponsors/ai"
        }
      ],
      "license": "CC-BY-4.0"
    },
    "node_modules/convert-source-map": {
      "version": "2.0.0",
      "resolved": "http://r.npm.sankuai.com/convert-source-map/download/convert-source-map-2.0.0.tgz",
      "integrity": "sha1-S1YPZJ/E6RjdCrdc9JYei8iC2Co=",
      "license": "MIT"
    },
    "node_modules/debug": {
      "version": "4.4.3",
      "resolved": "http://r.npm.sankuai.com/debug/download/debug-4.4.3.tgz",
      "integrity": "sha1-xq5DLZvZZiWC/OCHCbA4xY6ePWo=",
      "license": "MIT",
      "dependencies": {
        "ms": "^2.1.3"
      },
      "engines": {
        "node": ">=6.0"
      },
      "peerDependenciesMeta": {
        "supports-color": {
          "optional": true
        }
      }
    },
    "node_modules/electron-to-chromium": {
      "version": "1.5.370",
      "resolved": "http://r.npm.sankuai.com/electron-to-chromium/download/electron-to-chromium-1.5.370.tgz",
      "integrity": "sha1-R9vGVl5fE5kaSD4Qzd/0vwkz3pY=",
      "license": "ISC"
    },
    "node_modules/esbuild": {
      "version": "0.18.20",
      "resolved": "http://r.npm.sankuai.com/esbuild/download/esbuild-0.18.20.tgz",
      "integrity": "sha1-Rwn1o0gBtDt5mrfW2C9yhKm3p6Y=",
      "hasInstallScript": true,
      "license": "MIT",
      "bin": {
        "esbuild": "bin/esbuild"
      },
      "engines": {
        "node": ">=12"
      },
      "optionalDependencies": {
        "@esbuild/android-arm": "0.18.20",
        "@esbuild/android-arm64": "0.18.20",
        "@esbuild/android-x64": "0.18.20",
        "@esbuild/darwin-arm64": "0.18.20",
        "@esbuild/darwin-x64": "0.18.20",
        "@esbuild/freebsd-arm64": "0.18.20",
        "@esbuild/freebsd-x64": "0.18.20",
        "@esbuild/linux-arm": "0.18.20",
        "@esbuild/linux-arm64": "0.18.20",
        "@esbuild/linux-ia32": "0.18.20",
        "@esbuild/linux-loong64": "0.18.20",
        "@esbuild/linux-mips64el": "0.18.20",
        "@esbuild/linux-ppc64": "0.18.20",
        "@esbuild/linux-riscv64": "0.18.20",
        "@esbuild/linux-s390x": "0.18.20",
        "@esbuild/linux-x64": "0.18.20",
        "@esbuild/netbsd-x64": "0.18.20",
        "@esbuild/openbsd-x64": "0.18.20",
        "@esbuild/sunos-x64": "0.18.20",
        "@esbuild/win32-arm64": "0.18.20",
        "@esbuild/win32-ia32": "0.18.20",
        "@esbuild/win32-x64": "0.18.20"
      }
    },
    "node_modules/escalade": {
      "version": "3.2.0",
      "resolved": "http://r.npm.sankuai.com/escalade/download/escalade-3.2.0.tgz",
      "integrity": "sha1-ARo/aYVroYnf+n3I/M6Z0qh5A+U=",
      "license": "MIT",
      "engines": {
        "node": ">=6"
      }
    },
    "node_modules/fsevents": {
      "version": "2.3.3",
      "resolved": "http://r.npm.sankuai.com/fsevents/download/fsevents-2.3.3.tgz",
      "integrity": "sha1-ysZAd4XQNnWipeGlMFxpezR9kNY=",
      "hasInstallScript": true,
      "license": "MIT",
      "optional": true,
      "os": [
        "darwin"
      ],
      "engines": {
        "node": "^8.16.0 || ^10.6.0 || >=11.0.0"
      }
    },
    "node_modules/gensync": {
      "version": "1.0.0-beta.2",
      "resolved": "http://r.npm.sankuai.com/gensync/download/gensync-1.0.0-beta.2.tgz",
      "integrity": "sha1-MqbudsPX9S1GsrGuXZP+qFgKJeA=",
      "license": "MIT",
      "engines": {
        "node": ">=6.9.0"
      }
    },
    "node_modules/js-tokens": {
      "version": "4.0.0",
      "resolved": "http://r.npm.sankuai.com/js-tokens/download/js-tokens-4.0.0.tgz",
      "integrity": "sha1-GSA/tZmR35jjoocFDUZHzerzJJk=",
      "license": "MIT"
    },
    "node_modules/jsesc": {
      "version": "3.1.0",
      "resolved": "http://r.npm.sankuai.com/jsesc/download/jsesc-3.1.0.tgz",
      "integrity": "sha1-dNM1ojT2ftGZB/2t+sfM+dQJgl0=",
      "license": "MIT",
      "bin": {
        "jsesc": "bin/jsesc"
      },
      "engines": {
        "node": ">=6"
      }
    },
    "node_modules/json5": {
      "version": "2.2.3",
      "resolved": "http://r.npm.sankuai.com/json5/download/json5-2.2.3.tgz",
      "integrity": "sha1-eM1vGhm9wStz21rQxh79ZsHikoM=",
      "license": "MIT",
      "bin": {
        "json5": "lib/cli.js"
      },
      "engines": {
        "node": ">=6"
      }
    },
    "node_modules/loose-envify": {
      "version": "1.4.0",
      "resolved": "http://r.npm.sankuai.com/loose-envify/download/loose-envify-1.4.0.tgz",
      "integrity": "sha1-ce5R+nvkyuwaY4OffmgtgTLTDK8=",
      "license": "MIT",
      "dependencies": {
        "js-tokens": "^3.0.0 || ^4.0.0"
      },
      "bin": {
        "loose-envify": "cli.js"
      }
    },
    "node_modules/lru-cache": {
      "version": "5.1.1",
      "resolved": "http://r.npm.sankuai.com/lru-cache/download/lru-cache-5.1.1.tgz",
      "integrity": "sha1-HaJ+ZxAnGUdpXa9oSOhH8B2EuSA=",
      "license": "ISC",
      "dependencies": {
        "yallist": "^3.0.2"
      }
    },
    "node_modules/lucide-react": {
      "version": "0.468.0",
      "resolved": "http://r.npm.sankuai.com/lucide-react/download/lucide-react-0.468.0.tgz",
      "integrity": "sha1-gwwb/ZBVdd3SO4MrqkIMh9sWaRA=",
      "license": "ISC",
      "peerDependencies": {
        "react": "^16.5.1 || ^17.0.0 || ^18.0.0 || ^19.0.0-rc"
      }
    },
    "node_modules/ms": {
      "version": "2.1.3",
      "resolved": "http://r.npm.sankuai.com/ms/download/ms-2.1.3.tgz",
      "integrity": "sha1-V0yBOM4dK1hh8LRFedut1gxmFbI=",
      "license": "MIT"
    },
    "node_modules/nanoid": {
      "version": "3.3.12",
      "resolved": "http://r.npm.sankuai.com/nanoid/download/nanoid-3.3.12.tgz",
      "integrity": "sha1-qz2RLiF6bQpRTwCnKhZUOiiYLAU=",
      "funding": [
        {
          "type": "github",
          "url": "https://github.com/sponsors/ai"
        }
      ],
      "license": "MIT",
      "bin": {
        "nanoid": "bin/nanoid.cjs"
      },
      "engines": {
        "node": "^10 || ^12 || ^13.7 || ^14 || >=15.0.1"
      }
    },
    "node_modules/node-releases": {
      "version": "2.0.47",
      "resolved": "http://r.npm.sankuai.com/node-releases/download/node-releases-2.0.47.tgz",
      "integrity": "sha1-UhuyeG2o6xQLdIhBwLOzp1M0/8Q=",
      "license": "MIT",
      "engines": {
        "node": ">=18"
      }
    },
    "node_modules/picocolors": {
      "version": "1.1.1",
      "resolved": "http://r.npm.sankuai.com/picocolors/download/picocolors-1.1.1.tgz",
      "integrity": "sha1-PTIa8+q5ObCDyPkpodEs2oHCa2s=",
      "license": "ISC"
    },
    "node_modules/postcss": {
      "version": "8.5.15",
      "resolved": "http://r.npm.sankuai.com/postcss/download/postcss-8.5.15.tgz",
      "integrity": "sha1-0er2d6Mk6ewCGW2i0/7PSguac1w=",
      "funding": [
        {
          "type": "opencollective",
          "url": "https://opencollective.com/postcss/"
        },
        {
          "type": "tidelift",
          "url": "https://tidelift.com/funding/github/npm/postcss"
        },
        {
          "type": "github",
          "url": "https://github.com/sponsors/ai"
        }
      ],
      "license": "MIT",
      "dependencies": {
        "nanoid": "^3.3.12",
        "picocolors": "^1.1.1",
        "source-map-js": "^1.2.1"
      },
      "engines": {
        "node": "^10 || ^12 || >=14"
      }
    },
    "node_modules/react": {
      "version": "18.2.0",
      "resolved": "http://r.npm.sankuai.com/react/download/react-18.2.0.tgz",
      "integrity": "sha1-VVvZhZKIMlX6AN4U8RUakXtdd9U=",
      "license": "MIT",
      "dependencies": {
        "loose-envify": "^1.1.0"
      },
      "engines": {
        "node": ">=0.10.0"
      }
    },
    "node_modules/react-dom": {
      "version": "18.2.0",
      "resolved": "http://r.npm.sankuai.com/react-dom/download/react-dom-18.2.0.tgz",
      "integrity": "sha1-IqrzhwjbJnTtmtoiTKSqcI2CHj0=",
      "license": "MIT",
      "dependencies": {
        "loose-envify": "^1.1.0",
        "scheduler": "^0.23.0"
      },
      "peerDependencies": {
        "react": "^18.2.0"
      }
    },
    "node_modules/react-refresh": {
      "version": "0.14.2",
      "resolved": "http://r.npm.sankuai.com/react-refresh/download/react-refresh-0.14.2.tgz",
      "integrity": "sha1-ODPaAc4y2kcPH5NrnUd9pccCi/k=",
      "license": "MIT",
      "engines": {
        "node": ">=0.10.0"
      }
    },
    "node_modules/rollup": {
      "version": "3.30.0",
      "resolved": "http://r.npm.sankuai.com/rollup/download/rollup-3.30.0.tgz",
      "integrity": "sha1-P6UG/uLFup1UCjjahwZzds1Vlm0=",
      "license": "MIT",
      "bin": {
        "rollup": "dist/bin/rollup"
      },
      "engines": {
        "node": ">=14.18.0",
        "npm": ">=8.0.0"
      },
      "optionalDependencies": {
        "fsevents": "~2.3.2"
      }
    },
    "node_modules/scheduler": {
      "version": "0.23.2",
      "resolved": "http://r.npm.sankuai.com/scheduler/download/scheduler-0.23.2.tgz",
      "integrity": "sha1-QUumSjsoKJLpRM8hCOzAeNEVzcM=",
      "license": "MIT",
      "dependencies": {
        "loose-envify": "^1.1.0"
      }
    },
    "node_modules/semver": {
      "version": "6.3.1",
      "resolved": "http://r.npm.sankuai.com/semver/download/semver-6.3.1.tgz",
      "integrity": "sha1-VW0u+GiRRuRtzqS/3QlfNDTf/LQ=",
      "license": "ISC",
      "bin": {
        "semver": "bin/semver.js"
      }
    },
    "node_modules/source-map-js": {
      "version": "1.2.1",
      "resolved": "http://r.npm.sankuai.com/source-map-js/download/source-map-js-1.2.1.tgz",
      "integrity": "sha1-HOVlD93YerwJnto33P8CTCZnrkY=",
      "license": "BSD-3-Clause",
      "engines": {
        "node": ">=0.10.0"
      }
    },
    "node_modules/update-browserslist-db": {
      "version": "1.2.3",
      "resolved": "http://r.npm.sankuai.com/update-browserslist-db/download/update-browserslist-db-1.2.3.tgz",
      "integrity": "sha1-ZNdttYcTE2rL60xJEUNmzGzC6A0=",
      "funding": [
        {
          "type": "opencollective",
          "url": "https://opencollective.com/browserslist"
        },
        {
          "type": "tidelift",
          "url": "https://tidelift.com/funding/github/npm/browserslist"
        },
        {
          "type": "github",
          "url": "https://github.com/sponsors/ai"
        }
      ],
      "license": "MIT",
      "dependencies": {
        "escalade": "^3.2.0",
        "picocolors": "^1.1.1"
      },
      "bin": {
        "update-browserslist-db": "cli.js"
      },
      "peerDependencies": {
        "browserslist": ">= 4.21.0"
      }
    },
    "node_modules/vite": {
      "version": "4.5.3",
      "resolved": "http://r.npm.sankuai.com/vite/download/vite-4.5.3.tgz",
      "integrity": "sha1-2IpFKepYuulylMfi5vDqs5pQ+xo=",
      "license": "MIT",
      "dependencies": {
        "esbuild": "^0.18.10",
        "postcss": "^8.4.27",
        "rollup": "^3.27.1"
      },
      "bin": {
        "vite": "bin/vite.js"
      },
      "engines": {
        "node": "^14.18.0 || >=16.0.0"
      },
      "funding": {
        "url": "https://github.com/vitejs/vite?sponsor=1"
      },
      "optionalDependencies": {
        "fsevents": "~2.3.2"
      },
      "peerDependencies": {
        "@types/node": ">= 14",
        "less": "*",
        "lightningcss": "^1.21.0",
        "sass": "*",
        "stylus": "*",
        "sugarss": "*",
        "terser": "^5.4.0"
      },
      "peerDependenciesMeta": {
        "@types/node": {
          "optional": true
        },
        "less": {
          "optional": true
        },
        "lightningcss": {
          "optional": true
        },
        "sass": {
          "optional": true
        },
        "stylus": {
          "optional": true
        },
        "sugarss": {
          "optional": true
        },
        "terser": {
          "optional": true
        }
      }
    },
    "node_modules/yallist": {
      "version": "3.1.1",
      "resolved": "http://r.npm.sankuai.com/yallist/download/yallist-3.1.1.tgz",
      "integrity": "sha1-27fa+b/YusmrRev2ArjLrQ1dCP0=",
      "license": "ISC"
    }
  }
}
